
Microsoft Visual Studio Solution File, Format Version 12.00
# Visual Studio Version 16
VisualStudioVersion = 16.0.30611.23
MinimumVisualStudioVersion = 10.0.40219.1
Project("{FAE04EC0-301F-11D3-BF4B-00C04F79EFBC}") = "Laba4", "Laba4\Laba4.csproj", "{00E3D8E0-8B5C-4D18-81BC-15DEDC2B4466}"
EndProject
Global
	GlobalSection(SolutionConfigurationPlatforms) = preSolution
		Debug|Any CPU = Debug|Any CPU
		Release|Any CPU = Release|Any CPU
	EndGlobalSection
	GlobalSection(ProjectConfigurationPlatforms) = postSolution
		{00E3D8E0-8B5C-4D18-81BC-15DEDC2B4466}.Debug|Any CPU.ActiveCfg = Debug|Any CPU
		{00E3D8E0-8B5C-4D18-81BC-15DEDC2B4466}.Debug|Any CPU.Build.0 = Debug|Any CPU
		{00E3D8E0-8B5C-4D18-81BC-15DEDC2B4466}.Release|Any CPU.ActiveCfg = Release|Any CPU
		{00E3D8E0-8B5C-4D18-81BC-15DEDC2B4466}.Release|Any CPU.Build.0 = Release|Any CPU
	EndGlobalSection
	GlobalSection(SolutionProperties) = preSolution
		HideSolutionNode = FALSE
	EndGlobalSection
	GlobalSection(ExtensibilityGlobals) = postSolution
		SolutionGuid = {FD581409-86E2-4767-876A-01973499A74F}
	EndGlobalSection
EndGlobal
