
Microsoft Visual Studio Solution File, Format Version 12.00
# Visual Studio Version 16
VisualStudioVersion = 16.0.809.0
MinimumVisualStudioVersion = 10.0.40219.1
Project("{FAE04EC0-301F-11D3-BF4B-00C04F79EFBC}") = "Maksim_Trokhimets_IS-93", "Maksim_Trokhimets_IS-93\Maksim_Trokhimets_IS-93.csproj", "{07CAFC8A-2F5D-4744-BAB2-CE9E13CAE854}"
EndProject
Global
	GlobalSection(SolutionConfigurationPlatforms) = preSolution
		Debug|Any CPU = Debug|Any CPU
		Release|Any CPU = Release|Any CPU
	EndGlobalSection
	GlobalSection(ProjectConfigurationPlatforms) = postSolution
		{07CAFC8A-2F5D-4744-BAB2-CE9E13CAE854}.Debug|Any CPU.ActiveCfg = Debug|Any CPU
		{07CAFC8A-2F5D-4744-BAB2-CE9E13CAE854}.Debug|Any CPU.Build.0 = Debug|Any CPU
		{07CAFC8A-2F5D-4744-BAB2-CE9E13CAE854}.Release|Any CPU.ActiveCfg = Release|Any CPU
		{07CAFC8A-2F5D-4744-BAB2-CE9E13CAE854}.Release|Any CPU.Build.0 = Release|Any CPU
	EndGlobalSection
	GlobalSection(SolutionProperties) = preSolution
		HideSolutionNode = FALSE
	EndGlobalSection
	GlobalSection(ExtensibilityGlobals) = postSolution
		SolutionGuid = {C40E7C9C-E673-4AA3-8138-1DFE3289CAC9}
	EndGlobalSection
EndGlobal
